
Microsoft Visual Studio Solution File, Format Version 12.00
# Visual Studio Version 17
VisualStudioVersion = 17.11.35222.181
MinimumVisualStudioVersion = 10.0.40219.1
Project("{FAE04EC0-301F-11D3-BF4B-00C04F79EFBC}") = "AjaxDemo.Web", "AjaxDemo.Web\AjaxDemo.Web.csproj", "{FABFA920-C8BE-4A8E-B714-928A6BD3C265}"
EndProject
Project("{FAE04EC0-301F-11D3-BF4B-00C04F79EFBC}") = "AjaxDemo.Data", "AjaxDemo.Data\AjaxDemo.Data.csproj", "{CCADCA7E-0703-48A3-8496-647A5BBBF581}"
EndProject
Global
	GlobalSection(SolutionConfigurationPlatforms) = preSolution
		Debug|Any CPU = Debug|Any CPU
		Release|Any CPU = Release|Any CPU
	EndGlobalSection
	GlobalSection(ProjectConfigurationPlatforms) = postSolution
		{FABFA920-C8BE-4A8E-B714-928A6BD3C265}.Debug|Any CPU.ActiveCfg = Debug|Any CPU
		{FABFA920-C8BE-4A8E-B714-928A6BD3C265}.Debug|Any CPU.Build.0 = Debug|Any CPU
		{FABFA920-C8BE-4A8E-B714-928A6BD3C265}.Release|Any CPU.ActiveCfg = Release|Any CPU
		{FABFA920-C8BE-4A8E-B714-928A6BD3C265}.Release|Any CPU.Build.0 = Release|Any CPU
		{CCADCA7E-0703-48A3-8496-647A5BBBF581}.Debug|Any CPU.ActiveCfg = Debug|Any CPU
		{CCADCA7E-0703-48A3-8496-647A5BBBF581}.Debug|Any CPU.Build.0 = Debug|Any CPU
		{CCADCA7E-0703-48A3-8496-647A5BBBF581}.Release|Any CPU.ActiveCfg = Release|Any CPU
		{CCADCA7E-0703-48A3-8496-647A5BBBF581}.Release|Any CPU.Build.0 = Release|Any CPU
	EndGlobalSection
	GlobalSection(SolutionProperties) = preSolution
		HideSolutionNode = FALSE
	EndGlobalSection
	GlobalSection(ExtensibilityGlobals) = postSolution
		SolutionGuid = {5A870E8E-5E88-46EE-A940-D30D961C5E19}
	EndGlobalSection
EndGlobal
